
Microsoft Visual Studio Solution File, Format Version 12.00
# Visual Studio Version 16
VisualStudioVersion = 16.0.30011.22
MinimumVisualStudioVersion = 10.0.40219.1
Project("{FAE04EC0-301F-11D3-BF4B-00C04F79EFBC}") = "Pes-Plus-Manager-League", "Pes-Plus-Manager-League\Pes-Plus-Manager-League.csproj", "{897C5D43-B879-4D46-BAA6-BA357866DF31}"
EndProject
Global
	GlobalSection(SolutionConfigurationPlatforms) = preSolution
		Debug|Any CPU = Debug|Any CPU
		Release|Any CPU = Release|Any CPU
	EndGlobalSection
	GlobalSection(ProjectConfigurationPlatforms) = postSolution
		{897C5D43-B879-4D46-BAA6-BA357866DF31}.Debug|Any CPU.ActiveCfg = Debug|Any CPU
		{897C5D43-B879-4D46-BAA6-BA357866DF31}.Debug|Any CPU.Build.0 = Debug|Any CPU
		{897C5D43-B879-4D46-BAA6-BA357866DF31}.Release|Any CPU.ActiveCfg = Release|Any CPU
		{897C5D43-B879-4D46-BAA6-BA357866DF31}.Release|Any CPU.Build.0 = Release|Any CPU
	EndGlobalSection
	GlobalSection(SolutionProperties) = preSolution
		HideSolutionNode = FALSE
	EndGlobalSection
	GlobalSection(ExtensibilityGlobals) = postSolution
		SolutionGuid = {8362EF0D-5778-4E73-8AE4-CB720BB73EFF}
	EndGlobalSection
EndGlobal
